{
  "requires": true,
  "lockfileVersion": 1,
  "dependencies": {
    "@types/gapi": {
      "version": "0.0.41",
      "resolved": "https://registry.npmjs.org/@types/gapi/-/gapi-0.0.41.tgz",
      "integrity": "sha512-tmHO66z/f91JZCDqinj/nNvQEszsz/hBT4+MvCSKT5sDzl5Ld/oXZ8WaecCBjRLw2uWKUInUHM9MhEXWkOiNjw=="
    },
    "@types/gapi.auth2": {
      "version": "0.0.56",
      "resolved": "https://registry.npmjs.org/@types/gapi.auth2/-/gapi.auth2-0.0.56.tgz",
      "integrity": "sha512-kGaBtGVCqGS3Y05L56dGVlBpJflxLfwA0zpMQnQgGRFk1tsMPbQnogG51UQjt1vCuYfRO0Jd9/K5KDtzjAbMkA==",
      "requires": {
        "@types/gapi": "*"
      }
    }
  }
}
